// !$*UTF8*$!
{
	archiveVersion = 1;
	classes = {
	};
	objectVersion = 46;
	objects = {

/* Begin PBXBuildFile section */
		183EDCB61D869AAA0080255E /* ZakerData.json in Resources */ = {isa = PBXBuildFile; fileRef = 183EDCB51D869AAA0080255E /* ZakerData.json */; };
		183EDCB91D869CB80080255E /* MHDataBaseTool.m in Sources */ = {isa = PBXBuildFile; fileRef = 183EDCB81D869CB80080255E /* MHDataBaseTool.m */; };
		183EDCBC1D86A9C10080255E /* MHBanner.m in Sources */ = {isa = PBXBuildFile; fileRef = 183EDCBB1D86A9C10080255E /* MHBanner.m */; };
		183EDCBF1D8795F60080255E /* MHBlockData.m in Sources */ = {isa = PBXBuildFile; fileRef = 183EDCBE1D8795F60080255E /* MHBlockData.m */; };
		189680FE1D810552002D7D98 /* MHSettingController.xib in Resources */ = {isa = PBXBuildFile; fileRef = 189680FD1D810552002D7D98 /* MHSettingController.xib */; };
		189681011D811607002D7D98 /* MHWebViewController.m in Sources */ = {isa = PBXBuildFile; fileRef = 189681001D811607002D7D98 /* MHWebViewController.m */; };
		18AE7E641D7EA9B800316C12 /* MHBottomToolBar.xib in Resources */ = {isa = PBXBuildFile; fileRef = 18AE7E631D7EA9B800316C12 /* MHBottomToolBar.xib */; };
		18D685261D7E724500DD3DEB /* MHLeftImageButton.m in Sources */ = {isa = PBXBuildFile; fileRef = 18D685251D7E724500DD3DEB /* MHLeftImageButton.m */; };
		18DD4EDF1D7A7A9E0071F1F7 /* MHTabBar.m in Sources */ = {isa = PBXBuildFile; fileRef = 18DD4EDE1D7A7A9E0071F1F7 /* MHTabBar.m */; };
		18DD4EE21D7A7ACF0071F1F7 /* MHTabBarController.m in Sources */ = {isa = PBXBuildFile; fileRef = 18DD4EE11D7A7ACF0071F1F7 /* MHTabBarController.m */; };
		18DD4EE51D7A7C160071F1F7 /* MHViewController.m in Sources */ = {isa = PBXBuildFile; fileRef = 18DD4EE41D7A7C160071F1F7 /* MHViewController.m */; };
		18DD4EE81D7A7C7B0071F1F7 /* MHBenefitController.m in Sources */ = {isa = PBXBuildFile; fileRef = 18DD4EE71D7A7C7B0071F1F7 /* MHBenefitController.m */; };
		18DD4EEB1D7A7CA40071F1F7 /* MHHomeController.m in Sources */ = {isa = PBXBuildFile; fileRef = 18DD4EEA1D7A7CA40071F1F7 /* MHHomeController.m */; };
		18DD4EEE1D7A7CC50071F1F7 /* MHSettingController.m in Sources */ = {isa = PBXBuildFile; fileRef = 18DD4EED1D7A7CC50071F1F7 /* MHSettingController.m */; };
		18DD4EF11D7A7D1F0071F1F7 /* MHShopController.m in Sources */ = {isa = PBXBuildFile; fileRef = 18DD4EF01D7A7D1F0071F1F7 /* MHShopController.m */; };
		18DD4EF41D7A7D520071F1F7 /* MHTopicController.m in Sources */ = {isa = PBXBuildFile; fileRef = 18DD4EF31D7A7D520071F1F7 /* MHTopicController.m */; };
		18DD4EF71D7A92490071F1F7 /* MHTabBarButton.m in Sources */ = {isa = PBXBuildFile; fileRef = 18DD4EF61D7A92490071F1F7 /* MHTabBarButton.m */; };
		18DD4EFA1D7A93380071F1F7 /* MHCommon.m in Sources */ = {isa = PBXBuildFile; fileRef = 18DD4EF91D7A93380071F1F7 /* MHCommon.m */; };
		18DD4EFF1D7A9A030071F1F7 /* UIFont+MHExtension.m in Sources */ = {isa = PBXBuildFile; fileRef = 18DD4EFE1D7A9A030071F1F7 /* UIFont+MHExtension.m */; };
		18DD4F021D7AD2850071F1F7 /* MHNavigationController.m in Sources */ = {isa = PBXBuildFile; fileRef = 18DD4F011D7AD2850071F1F7 /* MHNavigationController.m */; };
		18E2C7771D7D050C00B2BFC9 /* UIBarButtonItem+MHExtension.m in Sources */ = {isa = PBXBuildFile; fileRef = 18E2C7761D7D050C00B2BFC9 /* UIBarButtonItem+MHExtension.m */; };
		18E2C77A1D7D08D000B2BFC9 /* MHTopToolBarController.m in Sources */ = {isa = PBXBuildFile; fileRef = 18E2C7791D7D08D000B2BFC9 /* MHTopToolBarController.m */; };
		18E2C7871D7D0D4900B2BFC9 /* UIImage+MHBlur.m in Sources */ = {isa = PBXBuildFile; fileRef = 18E2C77E1D7D0D4900B2BFC9 /* UIImage+MHBlur.m */; };
		18E2C7881D7D0D4900B2BFC9 /* UIImage+MHCrop.m in Sources */ = {isa = PBXBuildFile; fileRef = 18E2C7801D7D0D4900B2BFC9 /* UIImage+MHCrop.m */; };
		18E2C7891D7D0D4900B2BFC9 /* UIImage+MHExtension.m in Sources */ = {isa = PBXBuildFile; fileRef = 18E2C7821D7D0D4900B2BFC9 /* UIImage+MHExtension.m */; };
		18E2C78A1D7D0D4900B2BFC9 /* UIImage+MHFile.m in Sources */ = {isa = PBXBuildFile; fileRef = 18E2C7841D7D0D4900B2BFC9 /* UIImage+MHFile.m */; };
		18E2C78B1D7D0D4900B2BFC9 /* UIImage+MHOrientation.m in Sources */ = {isa = PBXBuildFile; fileRef = 18E2C7861D7D0D4900B2BFC9 /* UIImage+MHOrientation.m */; };
		18E2C7951D7D3ED900B2BFC9 /* UIView+MHExtension.m in Sources */ = {isa = PBXBuildFile; fileRef = 18E2C7921D7D3ED900B2BFC9 /* UIView+MHExtension.m */; };
		18E2C7961D7D3ED900B2BFC9 /* UIView+MHFrame.m in Sources */ = {isa = PBXBuildFile; fileRef = 18E2C7941D7D3ED900B2BFC9 /* UIView+MHFrame.m */; };
		18E2C7A11D7D7B5900B2BFC9 /* MHBottomToolBarController.m in Sources */ = {isa = PBXBuildFile; fileRef = 18E2C7A01D7D7B5900B2BFC9 /* MHBottomToolBarController.m */; };
		18E2C7A41D7D8A7600B2BFC9 /* MHBottomToolBar.m in Sources */ = {isa = PBXBuildFile; fileRef = 18E2C7A31D7D8A7600B2BFC9 /* MHBottomToolBar.m */; };
		18E2C7AA1D7D9A8A00B2BFC9 /* MHAboutUsController.m in Sources */ = {isa = PBXBuildFile; fileRef = 18E2C7A81D7D9A8A00B2BFC9 /* MHAboutUsController.m */; };
		18E2C7AB1D7D9A8A00B2BFC9 /* MHAboutUsController.xib in Resources */ = {isa = PBXBuildFile; fileRef = 18E2C7A91D7D9A8A00B2BFC9 /* MHAboutUsController.xib */; };
		18E5A11F1D79706A00910495 /* main.m in Sources */ = {isa = PBXBuildFile; fileRef = 18E5A11E1D79706A00910495 /* main.m */; };
		18E5A1221D79706A00910495 /* AppDelegate.m in Sources */ = {isa = PBXBuildFile; fileRef = 18E5A1211D79706A00910495 /* AppDelegate.m */; };
		18E5A1381D79706B00910495 /* MHZakerShopTests.m in Sources */ = {isa = PBXBuildFile; fileRef = 18E5A1371D79706B00910495 /* MHZakerShopTests.m */; };
		18E5A1431D79706B00910495 /* MHZakerShopUITests.m in Sources */ = {isa = PBXBuildFile; fileRef = 18E5A1421D79706B00910495 /* MHZakerShopUITests.m */; };
		18FE28A01D7FBA560050E475 /* MHClearHighlightButton.m in Sources */ = {isa = PBXBuildFile; fileRef = 18FE289F1D7FBA560050E475 /* MHClearHighlightButton.m */; };
		18FE28A41D7FD2FD0050E475 /* Assets.xcassets in Resources */ = {isa = PBXBuildFile; fileRef = 18FE28A31D7FD2FD0050E475 /* Assets.xcassets */; };
		18FE28A71D7FDEB40050E475 /* MHAlertTool.m in Sources */ = {isa = PBXBuildFile; fileRef = 18FE28A61D7FDEB40050E475 /* MHAlertTool.m */; };
		18FE28AD1D7FE5DA0050E475 /* MHFeedbackController.m in Sources */ = {isa = PBXBuildFile; fileRef = 18FE28AC1D7FE5DA0050E475 /* MHFeedbackController.m */; };
		18FE28B31D8007750050E475 /* MHHttpTool.m in Sources */ = {isa = PBXBuildFile; fileRef = 18FE28B01D8007750050E475 /* MHHttpTool.m */; };
		18FE28B41D8007750050E475 /* MHWebImageTool.m in Sources */ = {isa = PBXBuildFile; fileRef = 18FE28B21D8007750050E475 /* MHWebImageTool.m */; };
		18FE28B81D8007FE0050E475 /* NSError+HMError.m in Sources */ = {isa = PBXBuildFile; fileRef = 18FE28B71D8007FE0050E475 /* NSError+HMError.m */; };
		18FE28BB1D8008620050E475 /* Foundation+Log.m in Sources */ = {isa = PBXBuildFile; fileRef = 18FE28BA1D8008620050E475 /* Foundation+Log.m */; };
		18FE28C11D80087A0050E475 /* UIViewController+MHDismissKeyboard.m in Sources */ = {isa = PBXBuildFile; fileRef = 18FE28BE1D80087A0050E475 /* UIViewController+MHDismissKeyboard.m */; };
		18FE28C21D80087A0050E475 /* UIViewController+MHHUD.m in Sources */ = {isa = PBXBuildFile; fileRef = 18FE28C01D80087A0050E475 /* UIViewController+MHHUD.m */; };
		18FE28CC1D8008980050E475 /* MBProgressHUD+MH.m in Sources */ = {isa = PBXBuildFile; fileRef = 18FE28C51D8008980050E475 /* MBProgressHUD+MH.m */; };
		18FE28CD1D8008980050E475 /* MBProgressHUD.bundle in Resources */ = {isa = PBXBuildFile; fileRef = 18FE28C61D8008980050E475 /* MBProgressHUD.bundle */; };
		18FE28CE1D8008980050E475 /* WdCleanCaches.m in Sources */ = {isa = PBXBuildFile; fileRef = 18FE28CB1D8008980050E475 /* WdCleanCaches.m */; };
		3219F524F313EAF020657BB8 /* Pods_MHZakerShop.framework in Frameworks */ = {isa = PBXBuildFile; fileRef = 303ECC347BD379C0052E20F2 /* Pods_MHZakerShop.framework */; };
/* End PBXBuildFile section */

/* Begin PBXContainerItemProxy section */
		18E5A1341D79706B00910495 /* PBXContainerItemProxy */ = {
			isa = PBXContainerItemProxy;
			containerPortal = 18E5A1121D79706A00910495 /* Project object */;
			proxyType = 1;
			remoteGlobalIDString = 18E5A1191D79706A00910495;
			remoteInfo = MHZakerShop;
		};
		18E5A13F1D79706B00910495 /* PBXContainerItemProxy */ = {
			isa = PBXContainerItemProxy;
			containerPortal = 18E5A1121D79706A00910495 /* Project object */;
			proxyType = 1;
			remoteGlobalIDString = 18E5A1191D79706A00910495;
			remoteInfo = MHZakerShop;
		};
/* End PBXContainerItemProxy section */

/* Begin PBXFileReference section */
		183EDCB51D869AAA0080255E /* ZakerData.json */ = {isa = PBXFileReference; fileEncoding = 4; lastKnownFileType = text.json; path = ZakerData.json; sourceTree = "<group>"; };
		183EDCB71D869CB80080255E /* MHDataBaseTool.h */ = {isa = PBXFileReference; fileEncoding = 4; lastKnownFileType = sourcecode.c.h; path = MHDataBaseTool.h; sourceTree = "<group>"; };
		183EDCB81D869CB80080255E /* MHDataBaseTool.m */ = {isa = PBXFileReference; fileEncoding = 4; lastKnownFileType = sourcecode.c.objc; path = MHDataBaseTool.m; sourceTree = "<group>"; };
		183EDCBA1D86A9C10080255E /* MHBanner.h */ = {isa = PBXFileReference; fileEncoding = 4; lastKnownFileType = sourcecode.c.h; path = MHBanner.h; sourceTree = "<group>"; };
		183EDCBB1D86A9C10080255E /* MHBanner.m */ = {isa = PBXFileReference; fileEncoding = 4; lastKnownFileType = sourcecode.c.objc; path = MHBanner.m; sourceTree = "<group>"; };
		183EDCBD1D8795F60080255E /* MHBlockData.h */ = {isa = PBXFileReference; fileEncoding = 4; lastKnownFileType = sourcecode.c.h; path = MHBlockData.h; sourceTree = "<group>"; };
		183EDCBE1D8795F60080255E /* MHBlockData.m */ = {isa = PBXFileReference; fileEncoding = 4; lastKnownFileType = sourcecode.c.objc; path = MHBlockData.m; sourceTree = "<group>"; };
		189680FD1D810552002D7D98 /* MHSettingController.xib */ = {isa = PBXFileReference; fileEncoding = 4; lastKnownFileType = file.xib; path = MHSettingController.xib; sourceTree = "<group>"; };
		189680FF1D811607002D7D98 /* MHWebViewController.h */ = {isa = PBXFileReference; fileEncoding = 4; lastKnownFileType = sourcecode.c.h; path = MHWebViewController.h; sourceTree = "<group>"; };
		189681001D811607002D7D98 /* MHWebViewController.m */ = {isa = PBXFileReference; fileEncoding = 4; lastKnownFileType = sourcecode.c.objc; path = MHWebViewController.m; sourceTree = "<group>"; };
		18AE7E631D7EA9B800316C12 /* MHBottomToolBar.xib */ = {isa = PBXFileReference; fileEncoding = 4; lastKnownFileType = file.xib; path = MHBottomToolBar.xib; sourceTree = "<group>"; };
		18D685241D7E724500DD3DEB /* MHLeftImageButton.h */ = {isa = PBXFileReference; fileEncoding = 4; lastKnownFileType = sourcecode.c.h; path = MHLeftImageButton.h; sourceTree = "<group>"; };
		18D685251D7E724500DD3DEB /* MHLeftImageButton.m */ = {isa = PBXFileReference; fileEncoding = 4; lastKnownFileType = sourcecode.c.objc; path = MHLeftImageButton.m; sourceTree = "<group>"; };
		18DD4EDD1D7A7A9E0071F1F7 /* MHTabBar.h */ = {isa = PBXFileReference; fileEncoding = 4; lastKnownFileType = sourcecode.c.h; path = MHTabBar.h; sourceTree = "<group>"; };
		18DD4EDE1D7A7A9E0071F1F7 /* MHTabBar.m */ = {isa = PBXFileReference; fileEncoding = 4; lastKnownFileType = sourcecode.c.objc; path = MHTabBar.m; sourceTree = "<group>"; };
		18DD4EE01D7A7ACF0071F1F7 /* MHTabBarController.h */ = {isa = PBXFileReference; fileEncoding = 4; lastKnownFileType = sourcecode.c.h; path = MHTabBarController.h; sourceTree = "<group>"; };
		18DD4EE11D7A7ACF0071F1F7 /* MHTabBarController.m */ = {isa = PBXFileReference; fileEncoding = 4; lastKnownFileType = sourcecode.c.objc; path = MHTabBarController.m; sourceTree = "<group>"; };
		18DD4EE31D7A7C160071F1F7 /* MHViewController.h */ = {isa = PBXFileReference; fileEncoding = 4; lastKnownFileType = sourcecode.c.h; path = MHViewController.h; sourceTree = "<group>"; };
		18DD4EE41D7A7C160071F1F7 /* MHViewController.m */ = {isa = PBXFileReference; fileEncoding = 4; lastKnownFileType = sourcecode.c.objc; path = MHViewController.m; sourceTree = "<group>"; };
		18DD4EE61D7A7C7B0071F1F7 /* MHBenefitController.h */ = {isa = PBXFileReference; fileEncoding = 4; lastKnownFileType = sourcecode.c.h; path = MHBenefitController.h; sourceTree = "<group>"; };
		18DD4EE71D7A7C7B0071F1F7 /* MHBenefitController.m */ = {isa = PBXFileReference; fileEncoding = 4; lastKnownFileType = sourcecode.c.objc; path = MHBenefitController.m; sourceTree = "<group>"; };
		18DD4EE91D7A7CA40071F1F7 /* MHHomeController.h */ = {isa = PBXFileReference; fileEncoding = 4; lastKnownFileType = sourcecode.c.h; path = MHHomeController.h; sourceTree = "<group>"; };
		18DD4EEA1D7A7CA40071F1F7 /* MHHomeController.m */ = {isa = PBXFileReference; fileEncoding = 4; lastKnownFileType = sourcecode.c.objc; path = MHHomeController.m; sourceTree = "<group>"; };
		18DD4EEC1D7A7CC50071F1F7 /* MHSettingController.h */ = {isa = PBXFileReference; fileEncoding = 4; lastKnownFileType = sourcecode.c.h; path = MHSettingController.h; sourceTree = "<group>"; };
		18DD4EED1D7A7CC50071F1F7 /* MHSettingController.m */ = {isa = PBXFileReference; fileEncoding = 4; lastKnownFileType = sourcecode.c.objc; path = MHSettingController.m; sourceTree = "<group>"; };
		18DD4EEF1D7A7D1F0071F1F7 /* MHShopController.h */ = {isa = PBXFileReference; fileEncoding = 4; lastKnownFileType = sourcecode.c.h; path = MHShopController.h; sourceTree = "<group>"; };
		18DD4EF01D7A7D1F0071F1F7 /* MHShopController.m */ = {isa = PBXFileReference; fileEncoding = 4; lastKnownFileType = sourcecode.c.objc; path = MHShopController.m; sourceTree = "<group>"; };
		18DD4EF21D7A7D520071F1F7 /* MHTopicController.h */ = {isa = PBXFileReference; fileEncoding = 4; lastKnownFileType = sourcecode.c.h; path = MHTopicController.h; sourceTree = "<group>"; };
		18DD4EF31D7A7D520071F1F7 /* MHTopicController.m */ = {isa = PBXFileReference; fileEncoding = 4; lastKnownFileType = sourcecode.c.objc; path = MHTopicController.m; sourceTree = "<group>"; };
		18DD4EF51D7A92490071F1F7 /* MHTabBarButton.h */ = {isa = PBXFileReference; fileEncoding = 4; lastKnownFileType = sourcecode.c.h; path = MHTabBarButton.h; sourceTree = "<group>"; };
		18DD4EF61D7A92490071F1F7 /* MHTabBarButton.m */ = {isa = PBXFileReference; fileEncoding = 4; lastKnownFileType = sourcecode.c.objc; path = MHTabBarButton.m; sourceTree = "<group>"; };
		18DD4EF81D7A93380071F1F7 /* MHCommon.h */ = {isa = PBXFileReference; fileEncoding = 4; lastKnownFileType = sourcecode.c.h; path = MHCommon.h; sourceTree = "<group>"; };
		18DD4EF91D7A93380071F1F7 /* MHCommon.m */ = {isa = PBXFileReference; fileEncoding = 4; lastKnownFileType = sourcecode.c.objc; path = MHCommon.m; sourceTree = "<group>"; };
		18DD4EFB1D7A93780071F1F7 /* MHZakerShop.pch */ = {isa = PBXFileReference; fileEncoding = 4; lastKnownFileType = sourcecode.c.h; path = MHZakerShop.pch; sourceTree = "<group>"; };
		18DD4EFD1D7A9A030071F1F7 /* UIFont+MHExtension.h */ = {isa = PBXFileReference; fileEncoding = 4; lastKnownFileType = sourcecode.c.h; path = "UIFont+MHExtension.h"; sourceTree = "<group>"; };
		18DD4EFE1D7A9A030071F1F7 /* UIFont+MHExtension.m */ = {isa = PBXFileReference; fileEncoding = 4; lastKnownFileType = sourcecode.c.objc; path = "UIFont+MHExtension.m"; sourceTree = "<group>"; };
		18DD4F001D7AD2850071F1F7 /* MHNavigationController.h */ = {isa = PBXFileReference; fileEncoding = 4; lastKnownFileType = sourcecode.c.h; path = MHNavigationController.h; sourceTree = "<group>"; };
		18DD4F011D7AD2850071F1F7 /* MHNavigationController.m */ = {isa = PBXFileReference; fileEncoding = 4; lastKnownFileType = sourcecode.c.objc; path = MHNavigationController.m; sourceTree = "<group>"; };
		18E2C7751D7D050C00B2BFC9 /* UIBarButtonItem+MHExtension.h */ = {isa = PBXFileReference; fileEncoding = 4; lastKnownFileType = sourcecode.c.h; path = "UIBarButtonItem+MHExtension.h"; sourceTree = "<group>"; };
		18E2C7761D7D050C00B2BFC9 /* UIBarButtonItem+MHExtension.m */ = {isa = PBXFileReference; fileEncoding = 4; lastKnownFileType = sourcecode.c.objc; path = "UIBarButtonItem+MHExtension.m"; sourceTree = "<group>"; };
		18E2C7781D7D08D000B2BFC9 /* MHTopToolBarController.h */ = {isa = PBXFileReference; fileEncoding = 4; lastKnownFileType = sourcecode.c.h; path = MHTopToolBarController.h; sourceTree = "<group>"; };
		18E2C7791D7D08D000B2BFC9 /* MHTopToolBarController.m */ = {isa = PBXFileReference; fileEncoding = 4; lastKnownFileType = sourcecode.c.objc; path = MHTopToolBarController.m; sourceTree = "<group>"; };
		18E2C77C1D7D0D4900B2BFC9 /* UIImage+MH.h */ = {isa = PBXFileReference; fileEncoding = 4; lastKnownFileType = sourcecode.c.h; path = "UIImage+MH.h"; sourceTree = "<group>"; };
		18E2C77D1D7D0D4900B2BFC9 /* UIImage+MHBlur.h */ = {isa = PBXFileReference; fileEncoding = 4; lastKnownFileType = sourcecode.c.h; path = "UIImage+MHBlur.h"; sourceTree = "<group>"; };
		18E2C77E1D7D0D4900B2BFC9 /* UIImage+MHBlur.m */ = {isa = PBXFileReference; fileEncoding = 4; lastKnownFileType = sourcecode.c.objc; path = "UIImage+MHBlur.m"; sourceTree = "<group>"; };
		18E2C77F1D7D0D4900B2BFC9 /* UIImage+MHCrop.h */ = {isa = PBXFileReference; fileEncoding = 4; lastKnownFileType = sourcecode.c.h; path = "UIImage+MHCrop.h"; sourceTree = "<group>"; };
		18E2C7801D7D0D4900B2BFC9 /* UIImage+MHCrop.m */ = {isa = PBXFileReference; fileEncoding = 4; lastKnownFileType = sourcecode.c.objc; path = "UIImage+MHCrop.m"; sourceTree = "<group>"; };
		18E2C7811D7D0D4900B2BFC9 /* UIImage+MHExtension.h */ = {isa = PBXFileReference; fileEncoding = 4; lastKnownFileType = sourcecode.c.h; path = "UIImage+MHExtension.h"; sourceTree = "<group>"; };
		18E2C7821D7D0D4900B2BFC9 /* UIImage+MHExtension.m */ = {isa = PBXFileReference; fileEncoding = 4; lastKnownFileType = sourcecode.c.objc; path = "UIImage+MHExtension.m"; sourceTree = "<group>"; };
		18E2C7831D7D0D4900B2BFC9 /* UIImage+MHFile.h */ = {isa = PBXFileReference; fileEncoding = 4; lastKnownFileType = sourcecode.c.h; path = "UIImage+MHFile.h"; sourceTree = "<group>"; };
		18E2C7841D7D0D4900B2BFC9 /* UIImage+MHFile.m */ = {isa = PBXFileReference; fileEncoding = 4; lastKnownFileType = sourcecode.c.objc; path = "UIImage+MHFile.m"; sourceTree = "<group>"; };
		18E2C7851D7D0D4900B2BFC9 /* UIImage+MHOrientation.h */ = {isa = PBXFileReference; fileEncoding = 4; lastKnownFileType = sourcecode.c.h; path = "UIImage+MHOrientation.h"; sourceTree = "<group>"; };
		18E2C7861D7D0D4900B2BFC9 /* UIImage+MHOrientation.m */ = {isa = PBXFileReference; fileEncoding = 4; lastKnownFileType = sourcecode.c.objc; path = "UIImage+MHOrientation.m"; sourceTree = "<group>"; };
		18E2C7901D7D3ED900B2BFC9 /* UIView+MH.h */ = {isa = PBXFileReference; fileEncoding = 4; lastKnownFileType = sourcecode.c.h; path = "UIView+MH.h"; sourceTree = "<group>"; };
		18E2C7911D7D3ED900B2BFC9 /* UIView+MHExtension.h */ = {isa = PBXFileReference; fileEncoding = 4; lastKnownFileType = sourcecode.c.h; path = "UIView+MHExtension.h"; sourceTree = "<group>"; };
		18E2C7921D7D3ED900B2BFC9 /* UIView+MHExtension.m */ = {isa = PBXFileReference; fileEncoding = 4; lastKnownFileType = sourcecode.c.objc; path = "UIView+MHExtension.m"; sourceTree = "<group>"; };
		18E2C7931D7D3ED900B2BFC9 /* UIView+MHFrame.h */ = {isa = PBXFileReference; fileEncoding = 4; lastKnownFileType = sourcecode.c.h; path = "UIView+MHFrame.h"; sourceTree = "<group>"; };
		18E2C7941D7D3ED900B2BFC9 /* UIView+MHFrame.m */ = {isa = PBXFileReference; fileEncoding = 4; lastKnownFileType = sourcecode.c.objc; path = "UIView+MHFrame.m"; sourceTree = "<group>"; };
		18E2C79F1D7D7B5900B2BFC9 /* MHBottomToolBarController.h */ = {isa = PBXFileReference; fileEncoding = 4; lastKnownFileType = sourcecode.c.h; path = MHBottomToolBarController.h; sourceTree = "<group>"; };
		18E2C7A01D7D7B5900B2BFC9 /* MHBottomToolBarController.m */ = {isa = PBXFileReference; fileEncoding = 4; lastKnownFileType = sourcecode.c.objc; path = MHBottomToolBarController.m; sourceTree = "<group>"; };
		18E2C7A21D7D8A7600B2BFC9 /* MHBottomToolBar.h */ = {isa = PBXFileReference; fileEncoding = 4; lastKnownFileType = sourcecode.c.h; path = MHBottomToolBar.h; sourceTree = "<group>"; };
		18E2C7A31D7D8A7600B2BFC9 /* MHBottomToolBar.m */ = {isa = PBXFileReference; fileEncoding = 4; lastKnownFileType = sourcecode.c.objc; path = MHBottomToolBar.m; sourceTree = "<group>"; };
		18E2C7A71D7D9A8A00B2BFC9 /* MHAboutUsController.h */ = {isa = PBXFileReference; fileEncoding = 4; lastKnownFileType = sourcecode.c.h; path = MHAboutUsController.h; sourceTree = "<group>"; };
		18E2C7A81D7D9A8A00B2BFC9 /* MHAboutUsController.m */ = {isa = PBXFileReference; fileEncoding = 4; lastKnownFileType = sourcecode.c.objc; path = MHAboutUsController.m; sourceTree = "<group>"; };
		18E2C7A91D7D9A8A00B2BFC9 /* MHAboutUsController.xib */ = {isa = PBXFileReference; fileEncoding = 4; lastKnownFileType = file.xib; path = MHAboutUsController.xib; sourceTree = "<group>"; };
		18E5A11A1D79706A00910495 /* MHZakerShop.app */ = {isa = PBXFileReference; explicitFileType = wrapper.application; includeInIndex = 0; path = MHZakerShop.app; sourceTree = BUILT_PRODUCTS_DIR; };
		18E5A11E1D79706A00910495 /* main.m */ = {isa = PBXFileReference; lastKnownFileType = sourcecode.c.objc; path = main.m; sourceTree = "<group>"; };
		18E5A1201D79706A00910495 /* AppDelegate.h */ = {isa = PBXFileReference; lastKnownFileType = sourcecode.c.h; path = AppDelegate.h; sourceTree = "<group>"; };
		18E5A1211D79706A00910495 /* AppDelegate.m */ = {isa = PBXFileReference; lastKnownFileType = sourcecode.c.objc; path = AppDelegate.m; sourceTree = "<group>"; };
		18E5A12E1D79706B00910495 /* Info.plist */ = {isa = PBXFileReference; lastKnownFileType = text.plist.xml; path = Info.plist; sourceTree = "<group>"; };
		18E5A1331D79706B00910495 /* MHZakerShopTests.xctest */ = {isa = PBXFileReference; explicitFileType = wrapper.cfbundle; includeInIndex = 0; path = MHZakerShopTests.xctest; sourceTree = BUILT_PRODUCTS_DIR; };
		18E5A1371D79706B00910495 /* MHZakerShopTests.m */ = {isa = PBXFileReference; lastKnownFileType = sourcecode.c.objc; path = MHZakerShopTests.m; sourceTree = "<group>"; };
		18E5A1391D79706B00910495 /* Info.plist */ = {isa = PBXFileReference; lastKnownFileType = text.plist.xml; path = Info.plist; sourceTree = "<group>"; };
		18E5A13E1D79706B00910495 /* MHZakerShopUITests.xctest */ = {isa = PBXFileReference; explicitFileType = wrapper.cfbundle; includeInIndex = 0; path = MHZakerShopUITests.xctest; sourceTree = BUILT_PRODUCTS_DIR; };
		18E5A1421D79706B00910495 /* MHZakerShopUITests.m */ = {isa = PBXFileReference; lastKnownFileType = sourcecode.c.objc; path = MHZakerShopUITests.m; sourceTree = "<group>"; };
		18E5A1441D79706B00910495 /* Info.plist */ = {isa = PBXFileReference; lastKnownFileType = text.plist.xml; path = Info.plist; sourceTree = "<group>"; };
		18FE289E1D7FBA560050E475 /* MHClearHighlightButton.h */ = {isa = PBXFileReference; fileEncoding = 4; lastKnownFileType = sourcecode.c.h; path = MHClearHighlightButton.h; sourceTree = "<group>"; };
		18FE289F1D7FBA560050E475 /* MHClearHighlightButton.m */ = {isa = PBXFileReference; fileEncoding = 4; lastKnownFileType = sourcecode.c.objc; path = MHClearHighlightButton.m; sourceTree = "<group>"; };
		18FE28A31D7FD2FD0050E475 /* Assets.xcassets */ = {isa = PBXFileReference; lastKnownFileType = folder.assetcatalog; path = Assets.xcassets; sourceTree = "<group>"; };
		18FE28A51D7FDEB40050E475 /* MHAlertTool.h */ = {isa = PBXFileReference; fileEncoding = 4; lastKnownFileType = sourcecode.c.h; path = MHAlertTool.h; sourceTree = "<group>"; };
		18FE28A61D7FDEB40050E475 /* MHAlertTool.m */ = {isa = PBXFileReference; fileEncoding = 4; lastKnownFileType = sourcecode.c.objc; path = MHAlertTool.m; sourceTree = "<group>"; };
		18FE28AB1D7FE5DA0050E475 /* MHFeedbackController.h */ = {isa = PBXFileReference; fileEncoding = 4; lastKnownFileType = sourcecode.c.h; path = MHFeedbackController.h; sourceTree = "<group>"; };
		18FE28AC1D7FE5DA0050E475 /* MHFeedbackController.m */ = {isa = PBXFileReference; fileEncoding = 4; lastKnownFileType = sourcecode.c.objc; path = MHFeedbackController.m; sourceTree = "<group>"; };
		18FE28AF1D8007750050E475 /* MHHttpTool.h */ = {isa = PBXFileReference; fileEncoding = 4; lastKnownFileType = sourcecode.c.h; path = MHHttpTool.h; sourceTree = "<group>"; };
		18FE28B01D8007750050E475 /* MHHttpTool.m */ = {isa = PBXFileReference; fileEncoding = 4; lastKnownFileType = sourcecode.c.objc; path = MHHttpTool.m; sourceTree = "<group>"; };
		18FE28B11D8007750050E475 /* MHWebImageTool.h */ = {isa = PBXFileReference; fileEncoding = 4; lastKnownFileType = sourcecode.c.h; path = MHWebImageTool.h; sourceTree = "<group>"; };
		18FE28B21D8007750050E475 /* MHWebImageTool.m */ = {isa = PBXFileReference; fileEncoding = 4; lastKnownFileType = sourcecode.c.objc; path = MHWebImageTool.m; sourceTree = "<group>"; };
		18FE28B61D8007FE0050E475 /* NSError+HMError.h */ = {isa = PBXFileReference; fileEncoding = 4; lastKnownFileType = sourcecode.c.h; path = "NSError+HMError.h"; sourceTree = "<group>"; };
		18FE28B71D8007FE0050E475 /* NSError+HMError.m */ = {isa = PBXFileReference; fileEncoding = 4; lastKnownFileType = sourcecode.c.objc; path = "NSError+HMError.m"; sourceTree = "<group>"; };
		18FE28BA1D8008620050E475 /* Foundation+Log.m */ = {isa = PBXFileReference; fileEncoding = 4; lastKnownFileType = sourcecode.c.objc; path = "Foundation+Log.m"; sourceTree = "<group>"; };
		18FE28BD1D80087A0050E475 /* UIViewController+MHDismissKeyboard.h */ = {isa = PBXFileReference; fileEncoding = 4; lastKnownFileType = sourcecode.c.h; path = "UIViewController+MHDismissKeyboard.h"; sourceTree = "<group>"; };
		18FE28BE1D80087A0050E475 /* UIViewController+MHDismissKeyboard.m */ = {isa = PBXFileReference; fileEncoding = 4; lastKnownFileType = sourcecode.c.objc; path = "UIViewController+MHDismissKeyboard.m"; sourceTree = "<group>"; };
		18FE28BF1D80087A0050E475 /* UIViewController+MHHUD.h */ = {isa = PBXFileReference; fileEncoding = 4; lastKnownFileType = sourcecode.c.h; path = "UIViewController+MHHUD.h"; sourceTree = "<group>"; };
		18FE28C01D80087A0050E475 /* UIViewController+MHHUD.m */ = {isa = PBXFileReference; fileEncoding = 4; lastKnownFileType = sourcecode.c.objc; path = "UIViewController+MHHUD.m"; sourceTree = "<group>"; };
		18FE28C41D8008980050E475 /* MBProgressHUD+MH.h */ = {isa = PBXFileReference; fileEncoding = 4; lastKnownFileType = sourcecode.c.h; path = "MBProgressHUD+MH.h"; sourceTree = "<group>"; };
		18FE28C51D8008980050E475 /* MBProgressHUD+MH.m */ = {isa = PBXFileReference; fileEncoding = 4; lastKnownFileType = sourcecode.c.objc; path = "MBProgressHUD+MH.m"; sourceTree = "<group>"; };
		18FE28C61D8008980050E475 /* MBProgressHUD.bundle */ = {isa = PBXFileReference; lastKnownFileType = "wrapper.plug-in"; path = MBProgressHUD.bundle; sourceTree = "<group>"; };
		18FE28C81D8008980050E475 /* MHSingleton.h */ = {isa = PBXFileReference; fileEncoding = 4; lastKnownFileType = sourcecode.c.h; path = MHSingleton.h; sourceTree = "<group>"; };
		18FE28CA1D8008980050E475 /* WdCleanCaches.h */ = {isa = PBXFileReference; fileEncoding = 4; lastKnownFileType = sourcecode.c.h; path = WdCleanCaches.h; sourceTree = "<group>"; };
		18FE28CB1D8008980050E475 /* WdCleanCaches.m */ = {isa = PBXFileReference; fileEncoding = 4; lastKnownFileType = sourcecode.c.objc; path = WdCleanCaches.m; sourceTree = "<group>"; };
		303ECC347BD379C0052E20F2 /* Pods_MHZakerShop.framework */ = {isa = PBXFileReference; explicitFileType = wrapper.framework; includeInIndex = 0; path = Pods_MHZakerShop.framework; sourceTree = BUILT_PRODUCTS_DIR; };
		AA346FCF214C485A3E8CE5DD /* Pods-MHZakerShop.debug.xcconfig */ = {isa = PBXFileReference; includeInIndex = 1; lastKnownFileType = text.xcconfig; name = "Pods-MHZakerShop.debug.xcconfig"; path = "Pods/Target Support Files/Pods-MHZakerShop/Pods-MHZakerShop.debug.xcconfig"; sourceTree = "<group>"; };
		AE473E76125048D956BE32CC /* Pods-MHZakerShop.release.xcconfig */ = {isa = PBXFileReference; includeInIndex = 1; lastKnownFileType = text.xcconfig; name = "Pods-MHZakerShop.release.xcconfig"; path = "Pods/Target Support Files/Pods-MHZakerShop/Pods-MHZakerShop.release.xcconfig"; sourceTree = "<group>"; };
/* End PBXFileReference section */

/* Begin PBXFrameworksBuildPhase section */
		18E5A1171D79706A00910495 /* Frameworks */ = {
			isa = PBXFrameworksBuildPhase;
			buildActionMask = 2147483647;
			files = (
				3219F524F313EAF020657BB8 /* Pods_MHZakerShop.framework in Frameworks */,
			);
			runOnlyForDeploymentPostprocessing = 0;
		};
		18E5A1301D79706B00910495 /* Frameworks */ = {
			isa = PBXFrameworksBuildPhase;
			buildActionMask = 2147483647;
			files = (
			);
			runOnlyForDeploymentPostprocessing = 0;
		};
		18E5A13B1D79706B00910495 /* Frameworks */ = {
			isa = PBXFrameworksBuildPhase;
			buildActionMask = 2147483647;
			files = (
			);
			runOnlyForDeploymentPostprocessing = 0;
		};
/* End PBXFrameworksBuildPhase section */

/* Begin PBXGroup section */
		18D685221D7E71DE00DD3DEB /* Controller */ = {
			isa = PBXGroup;
			children = (
			);
			path = Controller;
			sourceTree = "<group>";
		};
		18D685231D7E71E700DD3DEB /* Model */ = {
			isa = PBXGroup;
			children = (
			);
			path = Model;
			sourceTree = "<group>";
		};
		18DD4EB91D7A77F20071F1F7 /* Classes */ = {
			isa = PBXGroup;
			children = (
				18DD4EBE1D7A77F20071F1F7 /* Home */,
				18DD4EBA1D7A77F20071F1F7 /* Benefit */,
				18DD4ED51D7A77F20071F1F7 /* Shop */,
				18DD4ED91D7A77F20071F1F7 /* Topic */,
				18DD4ED11D7A77F20071F1F7 /* Setting */,
				18DD4EC21D7A77F20071F1F7 /* Main */,
			);
			path = Classes;
			sourceTree = "<group>";
		};
		18DD4EBA1D7A77F20071F1F7 /* Benefit */ = {
			isa = PBXGroup;
			children = (
				18DD4EBB1D7A77F20071F1F7 /* Controller */,
				18DD4EBC1D7A77F20071F1F7 /* Model */,
				18DD4EBD1D7A77F20071F1F7 /* View */,
				18DD4EE61D7A7C7B0071F1F7 /* MHBenefitController.h */,
				18DD4EE71D7A7C7B0071F1F7 /* MHBenefitController.m */,
			);
			path = Benefit;
			sourceTree = "<group>";
		};
		18DD4EBB1D7A77F20071F1F7 /* Controller */ = {
			isa = PBXGroup;
			children = (
			);
			path = Controller;
			sourceTree = "<group>";
		};
		18DD4EBC1D7A77F20071F1F7 /* Model */ = {
			isa = PBXGroup;
			children = (
			);
			path = Model;
			sourceTree = "<group>";
		};
		18DD4EBD1D7A77F20071F1F7 /* View */ = {
			isa = PBXGroup;
			children = (
			);
			path = View;
			sourceTree = "<group>";
		};
		18DD4EBE1D7A77F20071F1F7 /* Home */ = {
			isa = PBXGroup;
			children = (
				18DD4EBF1D7A77F20071F1F7 /* Controller */,
				18DD4EC01D7A77F20071F1F7 /* Model */,
				18DD4EC11D7A77F20071F1F7 /* View */,
				18DD4EE91D7A7CA40071F1F7 /* MHHomeController.h */,
				18DD4EEA1D7A7CA40071F1F7 /* MHHomeController.m */,
			);
			path = Home;
			sourceTree = "<group>";
		};
		18DD4EBF1D7A77F20071F1F7 /* Controller */ = {
			isa = PBXGroup;
			children = (
			);
			path = Controller;
			sourceTree = "<group>";
		};
		18DD4EC01D7A77F20071F1F7 /* Model */ = {
			isa = PBXGroup;
			children = (
			);
			path = Model;
			sourceTree = "<group>";
		};
		18DD4EC11D7A77F20071F1F7 /* View */ = {
			isa = PBXGroup;
			children = (
			);
			path = View;
			sourceTree = "<group>";
		};
		18DD4EC21D7A77F20071F1F7 /* Main */ = {
			isa = PBXGroup;
			children = (
				18DD4EC31D7A77F20071F1F7 /* Category */,
				18DD4EC41D7A77F20071F1F7 /* Controller */,
				18DD4EC51D7A77F20071F1F7 /* Lib */,
				18DD4EC61D7A77F20071F1F7 /* Model */,
				18DD4EC71D7A77F20071F1F7 /* Other */,
				18DD4ECF1D7A77F20071F1F7 /* Tool */,
				18DD4ED01D7A77F20071F1F7 /* View */,
			);
			path = Main;
			sourceTree = "<group>";
		};
		18DD4EC31D7A77F20071F1F7 /* Category */ = {
			isa = PBXGroup;
			children = (
				18FE28BC1D80087A0050E475 /* UIViewController */,
				18FE28B91D8008620050E475 /* Common */,
				18FE28B51D8007FE0050E475 /* NSError */,
				18E2C78F1D7D3ED900B2BFC9 /* UIView */,
				18E2C77B1D7D0D4900B2BFC9 /* UIImage */,
				18E2C7741D7D050C00B2BFC9 /* UIBarButtonItem */,
				18DD4EFC1D7A9A030071F1F7 /* UIFont */,
			);
			path = Category;
			sourceTree = "<group>";
		};
		18DD4EC41D7A77F20071F1F7 /* Controller */ = {
			isa = PBXGroup;
			children = (
				18DD4EE01D7A7ACF0071F1F7 /* MHTabBarController.h */,
				18DD4EE11D7A7ACF0071F1F7 /* MHTabBarController.m */,
				18DD4F001D7AD2850071F1F7 /* MHNavigationController.h */,
				18DD4F011D7AD2850071F1F7 /* MHNavigationController.m */,
				18E2C7781D7D08D000B2BFC9 /* MHTopToolBarController.h */,
				18E2C7791D7D08D000B2BFC9 /* MHTopToolBarController.m */,
				18E2C79F1D7D7B5900B2BFC9 /* MHBottomToolBarController.h */,
				18E2C7A01D7D7B5900B2BFC9 /* MHBottomToolBarController.m */,
				18DD4EE31D7A7C160071F1F7 /* MHViewController.h */,
				18DD4EE41D7A7C160071F1F7 /* MHViewController.m */,
				189680FF1D811607002D7D98 /* MHWebViewController.h */,
				189681001D811607002D7D98 /* MHWebViewController.m */,
			);
			path = Controller;
			sourceTree = "<group>";
		};
		18DD4EC51D7A77F20071F1F7 /* Lib */ = {
			isa = PBXGroup;
			children = (
				18FE28C31D8008980050E475 /* MBProgressHUD+MH */,
				18FE28C71D8008980050E475 /* Singleton */,
				18FE28C91D8008980050E475 /* WdCleanCaches */,
			);
			path = Lib;
			sourceTree = "<group>";
		};
		18DD4EC61D7A77F20071F1F7 /* Model */ = {
			isa = PBXGroup;
			children = (
				183EDCBA1D86A9C10080255E /* MHBanner.h */,
				183EDCBB1D86A9C10080255E /* MHBanner.m */,
				183EDCBD1D8795F60080255E /* MHBlockData.h */,
				183EDCBE1D8795F60080255E /* MHBlockData.m */,
			);
			path = Model;
			sourceTree = "<group>";
		};
		18DD4EC71D7A77F20071F1F7 /* Other */ = {
			isa = PBXGroup;
			children = (
				18DD4EC81D7A77F20071F1F7 /* Common */,
				18DD4EC91D7A77F20071F1F7 /* Resource */,
			);
			path = Other;
			sourceTree = "<group>";
		};
		18DD4EC81D7A77F20071F1F7 /* Common */ = {
			isa = PBXGroup;
			children = (
				18DD4EF81D7A93380071F1F7 /* MHCommon.h */,
				18DD4EF91D7A93380071F1F7 /* MHCommon.m */,
			);
			path = Common;
			sourceTree = "<group>";
		};
		18DD4EC91D7A77F20071F1F7 /* Resource */ = {
			isa = PBXGroup;
			children = (
				18DD4ECA1D7A77F20071F1F7 /* Data */,
				18DD4ECE1D7A77F20071F1F7 /* Picture */,
			);
			path = Resource;
			sourceTree = "<group>";
		};
		18DD4ECA1D7A77F20071F1F7 /* Data */ = {
			isa = PBXGroup;
			children = (
				18DD4ECB1D7A77F20071F1F7 /* Audio */,
				18DD4ECC1D7A77F20071F1F7 /* Json */,
				18DD4ECD1D7A77F20071F1F7 /* Plist */,
			);
			path = Data;
			sourceTree = "<group>";
		};
		18DD4ECB1D7A77F20071F1F7 /* Audio */ = {
			isa = PBXGroup;
			children = (
			);
			path = Audio;
			sourceTree = "<group>";
		};
		18DD4ECC1D7A77F20071F1F7 /* Json */ = {
			isa = PBXGroup;
			children = (
				183EDCB51D869AAA0080255E /* ZakerData.json */,
			);
			path = Json;
			sourceTree = "<group>";
		};
		18DD4ECD1D7A77F20071F1F7 /* Plist */ = {
			isa = PBXGroup;
			children = (
			);
			path = Plist;
			sourceTree = "<group>";
		};
		18DD4ECE1D7A77F20071F1F7 /* Picture */ = {
			isa = PBXGroup;
			children = (
			);
			path = Picture;
			sourceTree = "<group>";
		};
		18DD4ECF1D7A77F20071F1F7 /* Tool */ = {
			isa = PBXGroup;
			children = (
				18FE28AE1D8007750050E475 /* Http */,
				18FE28A51D7FDEB40050E475 /* MHAlertTool.h */,
				18FE28A61D7FDEB40050E475 /* MHAlertTool.m */,
			);
			path = Tool;
			sourceTree = "<group>";
		};
		18DD4ED01D7A77F20071F1F7 /* View */ = {
			isa = PBXGroup;
			children = (
				18DD4EDD1D7A7A9E0071F1F7 /* MHTabBar.h */,
				18DD4EDE1D7A7A9E0071F1F7 /* MHTabBar.m */,
				18DD4EF51D7A92490071F1F7 /* MHTabBarButton.h */,
				18DD4EF61D7A92490071F1F7 /* MHTabBarButton.m */,
				18E2C7A21D7D8A7600B2BFC9 /* MHBottomToolBar.h */,
				18E2C7A31D7D8A7600B2BFC9 /* MHBottomToolBar.m */,
				18AE7E631D7EA9B800316C12 /* MHBottomToolBar.xib */,
				18FE289E1D7FBA560050E475 /* MHClearHighlightButton.h */,
				18FE289F1D7FBA560050E475 /* MHClearHighlightButton.m */,
			);
			path = View;
			sourceTree = "<group>";
		};
		18DD4ED11D7A77F20071F1F7 /* Setting */ = {
			isa = PBXGroup;
			children = (
				18DD4ED21D7A77F20071F1F7 /* Controller */,
				18DD4ED31D7A77F20071F1F7 /* Model */,
				18DD4ED41D7A77F20071F1F7 /* View */,
				18DD4EEC1D7A7CC50071F1F7 /* MHSettingController.h */,
				18DD4EED1D7A7CC50071F1F7 /* MHSettingController.m */,
				189680FD1D810552002D7D98 /* MHSettingController.xib */,
			);
			path = Setting;
			sourceTree = "<group>";
		};
		18DD4ED21D7A77F20071F1F7 /* Controller */ = {
			isa = PBXGroup;
			children = (
				18E2C79D1D7D7ABA00B2BFC9 /* AboutUs */,
				18E2C79E1D7D7ABA00B2BFC9 /* Feedback */,
			);
			path = Controller;
			sourceTree = "<group>";
		};
		18DD4ED31D7A77F20071F1F7 /* Model */ = {
			isa = PBXGroup;
			children = (
			);
			path = Model;
			sourceTree = "<group>";
		};
		18DD4ED41D7A77F20071F1F7 /* View */ = {
			isa = PBXGroup;
			children = (
			);
			path = View;
			sourceTree = "<group>";
		};
		18DD4ED51D7A77F20071F1F7 /* Shop */ = {
			isa = PBXGroup;
			children = (
				18DD4ED61D7A77F20071F1F7 /* Controller */,
				18DD4ED71D7A77F20071F1F7 /* Model */,
				18DD4ED81D7A77F20071F1F7 /* View */,
				18DD4EEF1D7A7D1F0071F1F7 /* MHShopController.h */,
				18DD4EF01D7A7D1F0071F1F7 /* MHShopController.m */,
			);
			path = Shop;
			sourceTree = "<group>";
		};
		18DD4ED61D7A77F20071F1F7 /* Controller */ = {
			isa = PBXGroup;
			children = (
			);
			path = Controller;
			sourceTree = "<group>";
		};
		18DD4ED71D7A77F20071F1F7 /* Model */ = {
			isa = PBXGroup;
			children = (
			);
			path = Model;
			sourceTree = "<group>";
		};
		18DD4ED81D7A77F20071F1F7 /* View */ = {
			isa = PBXGroup;
			children = (
			);
			path = View;
			sourceTree = "<group>";
		};
		18DD4ED91D7A77F20071F1F7 /* Topic */ = {
			isa = PBXGroup;
			children = (
				18DD4EDA1D7A77F20071F1F7 /* Controller */,
				18DD4EDB1D7A77F20071F1F7 /* Model */,
				18DD4EDC1D7A77F20071F1F7 /* View */,
				18DD4EF21D7A7D520071F1F7 /* MHTopicController.h */,
				18DD4EF31D7A7D520071F1F7 /* MHTopicController.m */,
			);
			path = Topic;
			sourceTree = "<group>";
		};
		18DD4EDA1D7A77F20071F1F7 /* Controller */ = {
			isa = PBXGroup;
			children = (
			);
			path = Controller;
			sourceTree = "<group>";
		};
		18DD4EDB1D7A77F20071F1F7 /* Model */ = {
			isa = PBXGroup;
			children = (
			);
			path = Model;
			sourceTree = "<group>";
		};
		18DD4EDC1D7A77F20071F1F7 /* View */ = {
			isa = PBXGroup;
			children = (
			);
			path = View;
			sourceTree = "<group>";
		};
		18DD4EFC1D7A9A030071F1F7 /* UIFont */ = {
			isa = PBXGroup;
			children = (
				18DD4EFD1D7A9A030071F1F7 /* UIFont+MHExtension.h */,
				18DD4EFE1D7A9A030071F1F7 /* UIFont+MHExtension.m */,
			);
			path = UIFont;
			sourceTree = "<group>";
		};
		18E2C7741D7D050C00B2BFC9 /* UIBarButtonItem */ = {
			isa = PBXGroup;
			children = (
				18E2C7751D7D050C00B2BFC9 /* UIBarButtonItem+MHExtension.h */,
				18E2C7761D7D050C00B2BFC9 /* UIBarButtonItem+MHExtension.m */,
			);
			path = UIBarButtonItem;
			sourceTree = "<group>";
		};
		18E2C77B1D7D0D4900B2BFC9 /* UIImage */ = {
			isa = PBXGroup;
			children = (
				18E2C77C1D7D0D4900B2BFC9 /* UIImage+MH.h */,
				18E2C77D1D7D0D4900B2BFC9 /* UIImage+MHBlur.h */,
				18E2C77E1D7D0D4900B2BFC9 /* UIImage+MHBlur.m */,
				18E2C77F1D7D0D4900B2BFC9 /* UIImage+MHCrop.h */,
				18E2C7801D7D0D4900B2BFC9 /* UIImage+MHCrop.m */,
				18E2C7811D7D0D4900B2BFC9 /* UIImage+MHExtension.h */,
				18E2C7821D7D0D4900B2BFC9 /* UIImage+MHExtension.m */,
				18E2C7831D7D0D4900B2BFC9 /* UIImage+MHFile.h */,
				18E2C7841D7D0D4900B2BFC9 /* UIImage+MHFile.m */,
				18E2C7851D7D0D4900B2BFC9 /* UIImage+MHOrientation.h */,
				18E2C7861D7D0D4900B2BFC9 /* UIImage+MHOrientation.m */,
			);
			path = UIImage;
			sourceTree = "<group>";
		};
		18E2C78F1D7D3ED900B2BFC9 /* UIView */ = {
			isa = PBXGroup;
			children = (
				18E2C7901D7D3ED900B2BFC9 /* UIView+MH.h */,
				18E2C7911D7D3ED900B2BFC9 /* UIView+MHExtension.h */,
				18E2C7921D7D3ED900B2BFC9 /* UIView+MHExtension.m */,
				18E2C7931D7D3ED900B2BFC9 /* UIView+MHFrame.h */,
				18E2C7941D7D3ED900B2BFC9 /* UIView+MHFrame.m */,
			);
			path = UIView;
			sourceTree = "<group>";
		};
		18E2C79D1D7D7ABA00B2BFC9 /* AboutUs */ = {
			isa = PBXGroup;
			children = (
				18E2C7A71D7D9A8A00B2BFC9 /* MHAboutUsController.h */,
				18E2C7A81D7D9A8A00B2BFC9 /* MHAboutUsController.m */,
				18E2C7A91D7D9A8A00B2BFC9 /* MHAboutUsController.xib */,
				18D685231D7E71E700DD3DEB /* Model */,
				18D685221D7E71DE00DD3DEB /* Controller */,
				18E2C7AC1D7DA06E00B2BFC9 /* View */,
			);
			path = AboutUs;
			sourceTree = "<group>";
		};
		18E2C79E1D7D7ABA00B2BFC9 /* Feedback */ = {
			isa = PBXGroup;
			children = (
				18FE28AB1D7FE5DA0050E475 /* MHFeedbackController.h */,
				18FE28AC1D7FE5DA0050E475 /* MHFeedbackController.m */,
			);
			path = Feedback;
			sourceTree = "<group>";
		};
		18E2C7AC1D7DA06E00B2BFC9 /* View */ = {
			isa = PBXGroup;
			children = (
				18D685241D7E724500DD3DEB /* MHLeftImageButton.h */,
				18D685251D7E724500DD3DEB /* MHLeftImageButton.m */,
			);
			path = View;
			sourceTree = "<group>";
		};
		18E5A1111D79706A00910495 = {
			isa = PBXGroup;
			children = (
				18E5A11C1D79706A00910495 /* MHZakerShop */,
				18E5A1361D79706B00910495 /* MHZakerShopTests */,
				18E5A1411D79706B00910495 /* MHZakerShopUITests */,
				18E5A11B1D79706A00910495 /* Products */,
				307BCB08B4D8E46FF213C871 /* Pods */,
				76A4379677ECDD04B66FE94B /* Frameworks */,
			);
			sourceTree = "<group>";
		};
		18E5A11B1D79706A00910495 /* Products */ = {
			isa = PBXGroup;
			children = (
				18E5A11A1D79706A00910495 /* MHZakerShop.app */,
				18E5A1331D79706B00910495 /* MHZakerShopTests.xctest */,
				18E5A13E1D79706B00910495 /* MHZakerShopUITests.xctest */,
			);
			name = Products;
			sourceTree = "<group>";
		};
		18E5A11C1D79706A00910495 /* MHZakerShop */ = {
			isa = PBXGroup;
			children = (
				18DD4EB91D7A77F20071F1F7 /* Classes */,
				18E5A1201D79706A00910495 /* AppDelegate.h */,
				18E5A1211D79706A00910495 /* AppDelegate.m */,
				18E5A12E1D79706B00910495 /* Info.plist */,
				18FE28A31D7FD2FD0050E475 /* Assets.xcassets */,
				18E5A11D1D79706A00910495 /* Supporting Files */,
			);
			path = MHZakerShop;
			sourceTree = "<group>";
		};
		18E5A11D1D79706A00910495 /* Supporting Files */ = {
			isa = PBXGroup;
			children = (
				18E5A11E1D79706A00910495 /* main.m */,
				18DD4EFB1D7A93780071F1F7 /* MHZakerShop.pch */,
			);
			name = "Supporting Files";
			sourceTree = "<group>";
		};
		18E5A1361D79706B00910495 /* MHZakerShopTests */ = {
			isa = PBXGroup;
			children = (
				18E5A1371D79706B00910495 /* MHZakerShopTests.m */,
				18E5A1391D79706B00910495 /* Info.plist */,
			);
			path = MHZakerShopTests;
			sourceTree = "<group>";
		};
		18E5A1411D79706B00910495 /* MHZakerShopUITests */ = {
			isa = PBXGroup;
			children = (
				18E5A1421D79706B00910495 /* MHZakerShopUITests.m */,
				18E5A1441D79706B00910495 /* Info.plist */,
			);
			path = MHZakerShopUITests;
			sourceTree = "<group>";
		};
		18FE28AE1D8007750050E475 /* Http */ = {
			isa = PBXGroup;
			children = (
				18FE28AF1D8007750050E475 /* MHHttpTool.h */,
				18FE28B01D8007750050E475 /* MHHttpTool.m */,
				18FE28B11D8007750050E475 /* MHWebImageTool.h */,
				18FE28B21D8007750050E475 /* MHWebImageTool.m */,
				183EDCB71D869CB80080255E /* MHDataBaseTool.h */,
				183EDCB81D869CB80080255E /* MHDataBaseTool.m */,
			);
			path = Http;
			sourceTree = "<group>";
		};
		18FE28B51D8007FE0050E475 /* NSError */ = {
			isa = PBXGroup;
			children = (
				18FE28B61D8007FE0050E475 /* NSError+HMError.h */,
				18FE28B71D8007FE0050E475 /* NSError+HMError.m */,
			);
			path = NSError;
			sourceTree = "<group>";
		};
		18FE28B91D8008620050E475 /* Common */ = {
			isa = PBXGroup;
			children = (
				18FE28BA1D8008620050E475 /* Foundation+Log.m */,
			);
			path = Common;
			sourceTree = "<group>";
		};
		18FE28BC1D80087A0050E475 /* UIViewController */ = {
			isa = PBXGroup;
			children = (
				18FE28BD1D80087A0050E475 /* UIViewController+MHDismissKeyboard.h */,
				18FE28BE1D80087A0050E475 /* UIViewController+MHDismissKeyboard.m */,
				18FE28BF1D80087A0050E475 /* UIViewController+MHHUD.h */,
				18FE28C01D80087A0050E475 /* UIViewController+MHHUD.m */,
			);
			path = UIViewController;
			sourceTree = "<group>";
		};
		18FE28C31D8008980050E475 /* MBProgressHUD+MH */ = {
			isa = PBXGroup;
			children = (
				18FE28C41D8008980050E475 /* MBProgressHUD+MH.h */,
				18FE28C51D8008980050E475 /* MBProgressHUD+MH.m */,
				18FE28C61D8008980050E475 /* MBProgressHUD.bundle */,
			);
			path = "MBProgressHUD+MH";
			sourceTree = "<group>";
		};
		18FE28C71D8008980050E475 /* Singleton */ = {
			isa = PBXGroup;
			children = (
				18FE28C81D8008980050E475 /* MHSingleton.h */,
			);
			path = Singleton;
			sourceTree = "<group>";
		};
		18FE28C91D8008980050E475 /* WdCleanCaches */ = {
			isa = PBXGroup;
			children = (
				18FE28CA1D8008980050E475 /* WdCleanCaches.h */,
				18FE28CB1D8008980050E475 /* WdCleanCaches.m */,
			);
			path = WdCleanCaches;
			sourceTree = "<group>";
		};
		307BCB08B4D8E46FF213C871 /* Pods */ = {
			isa = PBXGroup;
			children = (
				AA346FCF214C485A3E8CE5DD /* Pods-MHZakerShop.debug.xcconfig */,
				AE473E76125048D956BE32CC /* Pods-MHZakerShop.release.xcconfig */,
			);
			name = Pods;
			sourceTree = "<group>";
		};
		76A4379677ECDD04B66FE94B /* Frameworks */ = {
			isa = PBXGroup;
			children = (
				303ECC347BD379C0052E20F2 /* Pods_MHZakerShop.framework */,
			);
			name = Frameworks;
			sourceTree = "<group>";
		};
/* End PBXGroup section */

/* Begin PBXNativeTarget section */
		18E5A1191D79706A00910495 /* MHZakerShop */ = {
			isa = PBXNativeTarget;
			buildConfigurationList = 18E5A1471D79706B00910495 /* Build configuration list for PBXNativeTarget "MHZakerShop" */;
			buildPhases = (
				603E2D7F5629C413CA2B5061 /* [CP] Check Pods Manifest.lock */,
				18E5A1161D79706A00910495 /* Sources */,
				18E5A1171D79706A00910495 /* Frameworks */,
				18E5A1181D79706A00910495 /* Resources */,
				5F9A67D6B41562D236F174AA /* [CP] Embed Pods Frameworks */,
				4D5F4BFC04FBD8B5F0D5AABE /* [CP] Copy Pods Resources */,
			);
			buildRules = (
			);
			dependencies = (
			);
			name = MHZakerShop;
			productName = MHZakerShop;
			productReference = 18E5A11A1D79706A00910495 /* MHZakerShop.app */;
			productType = "com.apple.product-type.application";
		};
		18E5A1321D79706B00910495 /* MHZakerShopTests */ = {
			isa = PBXNativeTarget;
			buildConfigurationList = 18E5A14A1D79706B00910495 /* Build configuration list for PBXNativeTarget "MHZakerShopTests" */;
			buildPhases = (
				18E5A12F1D79706B00910495 /* Sources */,
				18E5A1301D79706B00910495 /* Frameworks */,
				18E5A1311D79706B00910495 /* Resources */,
			);
			buildRules = (
			);
			dependencies = (
				18E5A1351D79706B00910495 /* PBXTargetDependency */,
			);
			name = MHZakerShopTests;
			productName = MHZakerShopTests;
			productReference = 18E5A1331D79706B00910495 /* MHZakerShopTests.xctest */;
			productType = "com.apple.product-type.bundle.unit-test";
		};
		18E5A13D1D79706B00910495 /* MHZakerShopUITests */ = {
			isa = PBXNativeTarget;
			buildConfigurationList = 18E5A14D1D79706B00910495 /* Build configuration list for PBXNativeTarget "MHZakerShopUITests" */;
			buildPhases = (
				18E5A13A1D79706B00910495 /* Sources */,
				18E5A13B1D79706B00910495 /* Frameworks */,
				18E5A13C1D79706B00910495 /* Resources */,
			);
			buildRules = (
			);
			dependencies = (
				18E5A1401D79706B00910495 /* PBXTargetDependency */,
			);
			name = MHZakerShopUITests;
			productName = MHZakerShopUITests;
			productReference = 18E5A13E1D79706B00910495 /* MHZakerShopUITests.xctest */;
			productType = "com.apple.product-type.bundle.ui-testing";
		};
/* End PBXNativeTarget section */

/* Begin PBXProject section */
		18E5A1121D79706A00910495 /* Project object */ = {
			isa = PBXProject;
			attributes = {
				LastUpgradeCheck = 0730;
				ORGANIZATIONNAME = Mike_He;
				TargetAttributes = {
					18E5A1191D79706A00910495 = {
						CreatedOnToolsVersion = 7.3;
					};
					18E5A1321D79706B00910495 = {
						CreatedOnToolsVersion = 7.3;
						TestTargetID = 18E5A1191D79706A00910495;
					};
					18E5A13D1D79706B00910495 = {
						CreatedOnToolsVersion = 7.3;
						TestTargetID = 18E5A1191D79706A00910495;
					};
				};
			};
			buildConfigurationList = 18E5A1151D79706A00910495 /* Build configuration list for PBXProject "MHZakerShop" */;
			compatibilityVersion = "Xcode 3.2";
			developmentRegion = English;
			hasScannedForEncodings = 0;
			knownRegions = (
				en,
				Base,
			);
			mainGroup = 18E5A1111D79706A00910495;
			productRefGroup = 18E5A11B1D79706A00910495 /* Products */;
			projectDirPath = "";
			projectRoot = "";
			targets = (
				18E5A1191D79706A00910495 /* MHZakerShop */,
				18E5A1321D79706B00910495 /* MHZakerShopTests */,
				18E5A13D1D79706B00910495 /* MHZakerShopUITests */,
			);
		};
/* End PBXProject section */

/* Begin PBXResourcesBuildPhase section */
		18E5A1181D79706A00910495 /* Resources */ = {
			isa = PBXResourcesBuildPhase;
			buildActionMask = 2147483647;
			files = (
				18E2C7AB1D7D9A8A00B2BFC9 /* MHAboutUsController.xib in Resources */,
				18AE7E641D7EA9B800316C12 /* MHBottomToolBar.xib in Resources */,
				189680FE1D810552002D7D98 /* MHSettingController.xib in Resources */,
				18FE28CD1D8008980050E475 /* MBProgressHUD.bundle in Resources */,
				18FE28A41D7FD2FD0050E475 /* Assets.xcassets in Resources */,
				183EDCB61D869AAA0080255E /* ZakerData.json in Resources */,
			);
			runOnlyForDeploymentPostprocessing = 0;
		};
		18E5A1311D79706B00910495 /* Resources */ = {
			isa = PBXResourcesBuildPhase;
			buildActionMask = 2147483647;
			files = (
			);
			runOnlyForDeploymentPostprocessing = 0;
		};
		18E5A13C1D79706B00910495 /* Resources */ = {
			isa = PBXResourcesBuildPhase;
			buildActionMask = 2147483647;
			files = (
			);
			runOnlyForDeploymentPostprocessing = 0;
		};
/* End PBXResourcesBuildPhase section */

/* Begin PBXShellScriptBuildPhase section */
		4D5F4BFC04FBD8B5F0D5AABE /* [CP] Copy Pods Resources */ = {
			isa = PBXShellScriptBuildPhase;
			buildActionMask = 2147483647;
			files = (
			);
			inputPaths = (
			);
			name = "[CP] Copy Pods Resources";
			outputPaths = (
			);
			runOnlyForDeploymentPostprocessing = 0;
			shellPath = /bin/sh;
			shellScript = "\"${SRCROOT}/Pods/Target Support Files/Pods-MHZakerShop/Pods-MHZakerShop-resources.sh\"\n";
			showEnvVarsInLog = 0;
		};
		5F9A67D6B41562D236F174AA /* [CP] Embed Pods Frameworks */ = {
			isa = PBXShellScriptBuildPhase;
			buildActionMask = 2147483647;
			files = (
			);
			inputPaths = (
			);
			name = "[CP] Embed Pods Frameworks";
			outputPaths = (
			);
			runOnlyForDeploymentPostprocessing = 0;
			shellPath = /bin/sh;
			shellScript = "\"${SRCROOT}/Pods/Target Support Files/Pods-MHZakerShop/Pods-MHZakerShop-frameworks.sh\"\n";
			showEnvVarsInLog = 0;
		};
		603E2D7F5629C413CA2B5061 /* [CP] Check Pods Manifest.lock */ = {
			isa = PBXShellScriptBuildPhase;
			buildActionMask = 2147483647;
			files = (
			);
			inputPaths = (
			);
			name = "[CP] Check Pods Manifest.lock";
			outputPaths = (
			);
			runOnlyForDeploymentPostprocessing = 0;
			shellPath = /bin/sh;
			shellScript = "diff \"${PODS_ROOT}/../Podfile.lock\" \"${PODS_ROOT}/Manifest.lock\" > /dev/null\nif [ $? != 0 ] ; then\n    # print error to STDERR\n    echo \"error: The sandbox is not in sync with the Podfile.lock. Run 'pod install' or update your CocoaPods installation.\" >&2\n    exit 1\nfi\n";
			showEnvVarsInLog = 0;
		};
/* End PBXShellScriptBuildPhase section */

/* Begin PBXSourcesBuildPhase section */
		18E5A1161D79706A00910495 /* Sources */ = {
			isa = PBXSourcesBuildPhase;
			buildActionMask = 2147483647;
			files = (
				18E2C77A1D7D08D000B2BFC9 /* MHTopToolBarController.m in Sources */,
				18DD4EF11D7A7D1F0071F1F7 /* MHShopController.m in Sources */,
				18DD4EF41D7A7D520071F1F7 /* MHTopicController.m in Sources */,
				18E2C7951D7D3ED900B2BFC9 /* UIView+MHExtension.m in Sources */,
				18E2C7961D7D3ED900B2BFC9 /* UIView+MHFrame.m in Sources */,
				18FE28C11D80087A0050E475 /* UIViewController+MHDismissKeyboard.m in Sources */,
				18E2C7A41D7D8A7600B2BFC9 /* MHBottomToolBar.m in Sources */,
				18DD4F021D7AD2850071F1F7 /* MHNavigationController.m in Sources */,
				18E2C7771D7D050C00B2BFC9 /* UIBarButtonItem+MHExtension.m in Sources */,
				18FE28CC1D8008980050E475 /* MBProgressHUD+MH.m in Sources */,
				18DD4EE51D7A7C160071F1F7 /* MHViewController.m in Sources */,
				18FE28CE1D8008980050E475 /* WdCleanCaches.m in Sources */,
				183EDCBF1D8795F60080255E /* MHBlockData.m in Sources */,
				18E5A1221D79706A00910495 /* AppDelegate.m in Sources */,
				18DD4EEE1D7A7CC50071F1F7 /* MHSettingController.m in Sources */,
				18FE28AD1D7FE5DA0050E475 /* MHFeedbackController.m in Sources */,
				18E2C7A11D7D7B5900B2BFC9 /* MHBottomToolBarController.m in Sources */,
				18E2C7AA1D7D9A8A00B2BFC9 /* MHAboutUsController.m in Sources */,
				18DD4EDF1D7A7A9E0071F1F7 /* MHTabBar.m in Sources */,
				18DD4EE81D7A7C7B0071F1F7 /* MHBenefitController.m in Sources */,
				18E2C78B1D7D0D4900B2BFC9 /* UIImage+MHOrientation.m in Sources */,
				18E2C7881D7D0D4900B2BFC9 /* UIImage+MHCrop.m in Sources */,
				18E2C7891D7D0D4900B2BFC9 /* UIImage+MHExtension.m in Sources */,
				183EDCBC1D86A9C10080255E /* MHBanner.m in Sources */,
				18E2C7871D7D0D4900B2BFC9 /* UIImage+MHBlur.m in Sources */,
				18DD4EFA1D7A93380071F1F7 /* MHCommon.m in Sources */,
				18DD4EF71D7A92490071F1F7 /* MHTabBarButton.m in Sources */,
				18E5A11F1D79706A00910495 /* main.m in Sources */,
				189681011D811607002D7D98 /* MHWebViewController.m in Sources */,
				18FE28BB1D8008620050E475 /* Foundation+Log.m in Sources */,
				18FE28C21D80087A0050E475 /* UIViewController+MHHUD.m in Sources */,
				18FE28B81D8007FE0050E475 /* NSError+HMError.m in Sources */,
				18E2C78A1D7D0D4900B2BFC9 /* UIImage+MHFile.m in Sources */,
				18FE28A01D7FBA560050E475 /* MHClearHighlightButton.m in Sources */,
				18DD4EE21D7A7ACF0071F1F7 /* MHTabBarController.m in Sources */,
				18D685261D7E724500DD3DEB /* MHLeftImageButton.m in Sources */,
				18DD4EEB1D7A7CA40071F1F7 /* MHHomeController.m in Sources */,
				183EDCB91D869CB80080255E /* MHDataBaseTool.m in Sources */,
				18FE28A71D7FDEB40050E475 /* MHAlertTool.m in Sources */,
				18FE28B31D8007750050E475 /* MHHttpTool.m in Sources */,
				18DD4EFF1D7A9A030071F1F7 /* UIFont+MHExtension.m in Sources */,
				18FE28B41D8007750050E475 /* MHWebImageTool.m in Sources */,
			);
			runOnlyForDeploymentPostprocessing = 0;
		};
		18E5A12F1D79706B00910495 /* Sources */ = {
			isa = PBXSourcesBuildPhase;
			buildActionMask = 2147483647;
			files = (
				18E5A1381D79706B00910495 /* MHZakerShopTests.m in Sources */,
			);
			runOnlyForDeploymentPostprocessing = 0;
		};
		18E5A13A1D79706B00910495 /* Sources */ = {
			isa = PBXSourcesBuildPhase;
			buildActionMask = 2147483647;
			files = (
				18E5A1431D79706B00910495 /* MHZakerShopUITests.m in Sources */,
			);
			runOnlyForDeploymentPostprocessing = 0;
		};
/* End PBXSourcesBuildPhase section */

/* Begin PBXTargetDependency section */
		18E5A1351D79706B00910495 /* PBXTargetDependency */ = {
			isa = PBXTargetDependency;
			target = 18E5A1191D79706A00910495 /* MHZakerShop */;
			targetProxy = 18E5A1341D79706B00910495 /* PBXContainerItemProxy */;
		};
		18E5A1401D79706B00910495 /* PBXTargetDependency */ = {
			isa = PBXTargetDependency;
			target = 18E5A1191D79706A00910495 /* MHZakerShop */;
			targetProxy = 18E5A13F1D79706B00910495 /* PBXContainerItemProxy */;
		};
/* End PBXTargetDependency section */

/* Begin XCBuildConfiguration section */
		18E5A1451D79706B00910495 /* Debug */ = {
			isa = XCBuildConfiguration;
			buildSettings = {
				ALWAYS_SEARCH_USER_PATHS = NO;
				CLANG_ANALYZER_NONNULL = YES;
				CLANG_CXX_LANGUAGE_STANDARD = "gnu++0x";
				CLANG_CXX_LIBRARY = "libc++";
				CLANG_ENABLE_MODULES = YES;
				CLANG_ENABLE_OBJC_ARC = YES;
				CLANG_WARN_BOOL_CONVERSION = YES;
				CLANG_WARN_CONSTANT_CONVERSION = YES;
				CLANG_WARN_DIRECT_OBJC_ISA_USAGE = YES_ERROR;
				CLANG_WARN_EMPTY_BODY = YES;
				CLANG_WARN_ENUM_CONVERSION = YES;
				CLANG_WARN_INT_CONVERSION = YES;
				CLANG_WARN_OBJC_ROOT_CLASS = YES_ERROR;
				CLANG_WARN_UNREACHABLE_CODE = YES;
				CLANG_WARN__DUPLICATE_METHOD_MATCH = YES;
				"CODE_SIGN_IDENTITY[sdk=iphoneos*]" = "iPhone Developer";
				COPY_PHASE_STRIP = NO;
				DEBUG_INFORMATION_FORMAT = dwarf;
				ENABLE_BITCODE = YES;
				ENABLE_STRICT_OBJC_MSGSEND = YES;
				ENABLE_TESTABILITY = YES;
				GCC_C_LANGUAGE_STANDARD = gnu99;
				GCC_DYNAMIC_NO_PIC = NO;
				GCC_NO_COMMON_BLOCKS = YES;
				GCC_OPTIMIZATION_LEVEL = 0;
				GCC_PREPROCESSOR_DEFINITIONS = (
					"DEBUG=1",
					"$(inherited)",
				);
				GCC_WARN_64_TO_32_BIT_CONVERSION = YES;
				GCC_WARN_ABOUT_RETURN_TYPE = YES_ERROR;
				GCC_WARN_UNDECLARED_SELECTOR = YES;
				GCC_WARN_UNINITIALIZED_AUTOS = YES_AGGRESSIVE;
				GCC_WARN_UNUSED_FUNCTION = YES;
				GCC_WARN_UNUSED_VARIABLE = YES;
				IPHONEOS_DEPLOYMENT_TARGET = 8.0;
				MTL_ENABLE_DEBUG_INFO = YES;
				ONLY_ACTIVE_ARCH = YES;
				SDKROOT = iphoneos;
			};
			name = Debug;
		};
		18E5A1461D79706B00910495 /* Release */ = {
			isa = XCBuildConfiguration;
			buildSettings = {
				ALWAYS_SEARCH_USER_PATHS = NO;
				CLANG_ANALYZER_NONNULL = YES;
				CLANG_CXX_LANGUAGE_STANDARD = "gnu++0x";
				CLANG_CXX_LIBRARY = "libc++";
				CLANG_ENABLE_MODULES = YES;
				CLANG_ENABLE_OBJC_ARC = YES;
				CLANG_WARN_BOOL_CONVERSION = YES;
				CLANG_WARN_CONSTANT_CONVERSION = YES;
				CLANG_WARN_DIRECT_OBJC_ISA_USAGE = YES_ERROR;
				CLANG_WARN_EMPTY_BODY = YES;
				CLANG_WARN_ENUM_CONVERSION = YES;
				CLANG_WARN_INT_CONVERSION = YES;
				CLANG_WARN_OBJC_ROOT_CLASS = YES_ERROR;
				CLANG_WARN_UNREACHABLE_CODE = YES;
				CLANG_WARN__DUPLICATE_METHOD_MATCH = YES;
				"CODE_SIGN_IDENTITY[sdk=iphoneos*]" = "iPhone Developer";
				COPY_PHASE_STRIP = NO;
				DEBUG_INFORMATION_FORMAT = "dwarf-with-dsym";
				ENABLE_BITCODE = YES;
				ENABLE_NS_ASSERTIONS = NO;
				ENABLE_STRICT_OBJC_MSGSEND = YES;
				GCC_C_LANGUAGE_STANDARD = gnu99;
				GCC_NO_COMMON_BLOCKS = YES;
				GCC_WARN_64_TO_32_BIT_CONVERSION = YES;
				GCC_WARN_ABOUT_RETURN_TYPE = YES_ERROR;
				GCC_WARN_UNDECLARED_SELECTOR = YES;
				GCC_WARN_UNINITIALIZED_AUTOS = YES_AGGRESSIVE;
				GCC_WARN_UNUSED_FUNCTION = YES;
				GCC_WARN_UNUSED_VARIABLE = YES;
				IPHONEOS_DEPLOYMENT_TARGET = 8.0;
				MTL_ENABLE_DEBUG_INFO = NO;
				SDKROOT = iphoneos;
				VALIDATE_PRODUCT = YES;
			};
			name = Release;
		};
		18E5A1481D79706B00910495 /* Debug */ = {
			isa = XCBuildConfiguration;
			baseConfigurationReference = AA346FCF214C485A3E8CE5DD /* Pods-MHZakerShop.debug.xcconfig */;
			buildSettings = {
				ASSETCATALOG_COMPILER_APPICON_NAME = AppIcon;
				ASSETCATALOG_COMPILER_LAUNCHIMAGE_NAME = LaunchImage;
				ENABLE_BITCODE = NO;
				GCC_PREFIX_HEADER = MHZakerShop/MHZakerShop.pch;
				INFOPLIST_FILE = MHZakerShop/Info.plist;
				IPHONEOS_DEPLOYMENT_TARGET = 8.0;
				LD_RUNPATH_SEARCH_PATHS = "$(inherited) @executable_path/Frameworks";
				PRODUCT_BUNDLE_IDENTIFIER = com.MHZakerShop.MH;
				PRODUCT_NAME = "$(TARGET_NAME)";
			};
			name = Debug;
		};
		18E5A1491D79706B00910495 /* Release */ = {
			isa = XCBuildConfiguration;
			baseConfigurationReference = AE473E76125048D956BE32CC /* Pods-MHZakerShop.release.xcconfig */;
			buildSettings = {
				ASSETCATALOG_COMPILER_APPICON_NAME = AppIcon;
				ASSETCATALOG_COMPILER_LAUNCHIMAGE_NAME = LaunchImage;
				ENABLE_BITCODE = NO;
				GCC_PREFIX_HEADER = MHZakerShop/MHZakerShop.pch;
				INFOPLIST_FILE = MHZakerShop/Info.plist;
				IPHONEOS_DEPLOYMENT_TARGET = 8.0;
				LD_RUNPATH_SEARCH_PATHS = "$(inherited) @executable_path/Frameworks";
				PRODUCT_BUNDLE_IDENTIFIER = com.MHZakerShop.MH;
				PRODUCT_NAME = "$(TARGET_NAME)";
			};
			name = Release;
		};
		18E5A14B1D79706B00910495 /* Debug */ = {
			isa = XCBuildConfiguration;
			buildSettings = {
				BUNDLE_LOADER = "$(TEST_HOST)";
				INFOPLIST_FILE = MHZakerShopTests/Info.plist;
				LD_RUNPATH_SEARCH_PATHS = "$(inherited) @executable_path/Frameworks @loader_path/Frameworks";
				PRODUCT_BUNDLE_IDENTIFIER = "Mike-He.MHZakerShopTests";
				PRODUCT_NAME = "$(TARGET_NAME)";
				TEST_HOST = "$(BUILT_PRODUCTS_DIR)/MHZakerShop.app/MHZakerShop";
			};
			name = Debug;
		};
		18E5A14C1D79706B00910495 /* Release */ = {
			isa = XCBuildConfiguration;
			buildSettings = {
				BUNDLE_LOADER = "$(TEST_HOST)";
				INFOPLIST_FILE = MHZakerShopTests/Info.plist;
				LD_RUNPATH_SEARCH_PATHS = "$(inherited) @executable_path/Frameworks @loader_path/Frameworks";
				PRODUCT_BUNDLE_IDENTIFIER = "Mike-He.MHZakerShopTests";
				PRODUCT_NAME = "$(TARGET_NAME)";
				TEST_HOST = "$(BUILT_PRODUCTS_DIR)/MHZakerShop.app/MHZakerShop";
			};
			name = Release;
		};
		18E5A14E1D79706B00910495 /* Debug */ = {
			isa = XCBuildConfiguration;
			buildSettings = {
				INFOPLIST_FILE = MHZakerShopUITests/Info.plist;
				LD_RUNPATH_SEARCH_PATHS = "$(inherited) @executable_path/Frameworks @loader_path/Frameworks";
				PRODUCT_BUNDLE_IDENTIFIER = "Mike-He.MHZakerShopUITests";
				PRODUCT_NAME = "$(TARGET_NAME)";
				TEST_TARGET_NAME = MHZakerShop;
			};
			name = Debug;
		};
		18E5A14F1D79706B00910495 /* Release */ = {
			isa = XCBuildConfiguration;
			buildSettings = {
				INFOPLIST_FILE = MHZakerShopUITests/Info.plist;
				LD_RUNPATH_SEARCH_PATHS = "$(inherited) @executable_path/Frameworks @loader_path/Frameworks";
				PRODUCT_BUNDLE_IDENTIFIER = "Mike-He.MHZakerShopUITests";
				PRODUCT_NAME = "$(TARGET_NAME)";
				TEST_TARGET_NAME = MHZakerShop;
			};
			name = Release;
		};
/* End XCBuildConfiguration section */

/* Begin XCConfigurationList section */
		18E5A1151D79706A00910495 /* Build configuration list for PBXProject "MHZakerShop" */ = {
			isa = XCConfigurationList;
			buildConfigurations = (
				18E5A1451D79706B00910495 /* Debug */,
				18E5A1461D79706B00910495 /* Release */,
			);
			defaultConfigurationIsVisible = 0;
			defaultConfigurationName = Release;
		};
		18E5A1471D79706B00910495 /* Build configuration list for PBXNativeTarget "MHZakerShop" */ = {
			isa = XCConfigurationList;
			buildConfigurations = (
				18E5A1481D79706B00910495 /* Debug */,
				18E5A1491D79706B00910495 /* Release */,
			);
			defaultConfigurationIsVisible = 0;
			defaultConfigurationName = Release;
		};
		18E5A14A1D79706B00910495 /* Build configuration list for PBXNativeTarget "MHZakerShopTests" */ = {
			isa = XCConfigurationList;
			buildConfigurations = (
				18E5A14B1D79706B00910495 /* Debug */,
				18E5A14C1D79706B00910495 /* Release */,
			);
			defaultConfigurationIsVisible = 0;
			defaultConfigurationName = Release;
		};
		18E5A14D1D79706B00910495 /* Build configuration list for PBXNativeTarget "MHZakerShopUITests" */ = {
			isa = XCConfigurationList;
			buildConfigurations = (
				18E5A14E1D79706B00910495 /* Debug */,
				18E5A14F1D79706B00910495 /* Release */,
			);
			defaultConfigurationIsVisible = 0;
			defaultConfigurationName = Release;
		};
/* End XCConfigurationList section */
	};
	rootObject = 18E5A1121D79706A00910495 /* Project object */;
}
